github.com/bradleyfalzon/ghinstallation/v2 v2.12.0 h1:k8oVjGhZel2qmCUsYwSE34jPNT9DL2wCBOtugsHv26g=
github.com/bradleyfalzon/ghinstallation/v2 v2.12.0/go.mod h1:V4gJcNyAftH0rXpRp1SUVUuh+ACxOH1xOk/ZzkRHltg=
github.com/cenkalti/backoff/v5 v5.0.0 h1:4ziwFuaVJicDO1ah1Nz1aXXV1caM28PFgf1V5TTFXew=
github.com/cenkalti/backoff/v5 v5.0.0/go.mod h1:rkhZdG3JZukswDf7f0cwqPNk4K0sa+F97BxZthm/crw=
github.com/go-telegram/bot v1.11.1 h1:pvsXydwKpNcD1M4Y5TeKzGHUuRuQwx+FRXXgcviEFGc=
github.com/go-telegram/bot v1.11.1/go.mod h1:i2TRs7fXWIeaceF3z7KzsMt/he0TwkVC680mvdTFYeM=
github.com/golang-jwt/jwt/v4 v4.5.1 h1:JdqV9zKUdtaa9gdPlywC3aeoEsR681PlKC+4F5gQgeo=
github.com/golang-jwt/jwt/v4 v4.5.1/go.mod h1:m21LjoU+eqJr34lmDMbreY2eSTRJ1cv77w39/MY0Ch0=
github.com/google/go-cmp v0.5.2/go.mod h1:v8dTdLbMG2kIc/vJvl+f65V22dbkXbowE6jgT/gNBxE=
github.com/google/go-cmp v0.6.0 h1:ofyhxvXcZhMsU5ulbFiLKl/XBFqE1GSq7atu8tAmTRI=
github.com/google/go-cmp v0.6.0/go.mod h1:17dUlkBOakJ0+DkrSSNjCkIjxS6bF9zb3elmeNGIjoY=
github.com/google/go-github/v66 v66.0.0 h1:ADJsaXj9UotwdgK8/iFZtv7MLc8E8WBl62WLd/D/9+M=
github.com/google/go-github/v66 v66.0.0/go.mod h1:+4SO9Zkuyf8ytMj0csN1NR/5OTR+MfqPp8P8dVlcvY4=
github.com/google/go-github/v67 v67.0.0 h1:g11NDAmfaBaCO8qYdI9fsmbaRipHNWRIU/2YGvlh4rg=
github.com/google/go-github/v67 v67.0.0/go.mod h1:zH3K7BxjFndr9QSeFibx4lTKkYS3K9nDanoI1NjaOtY=
github.com/google/go-querystring v1.1.0 h1:AnCroh3fv4ZBgVIf1Iwtovgjaw/GiKJo8M8yD/fhyJ8=
github.com/google/go-querystring v1.1.0/go.mod h1:Kcdr2DB4koayq7X8pmAG4sNG59So17icRSOU623lUBU=
github.com/joho/godotenv v1.5.1 h1:7eLL/+HRGLY0ldzfGMeQkb7vMd0as4CfYvUVzLqw0N0=
github.com/joho/godotenv v1.5.1/go.mod h1:f4LDr5Voq0i2e/R5DDNOoa2zzDfwtkZa6DnEwAbqwq4=
github.com/lmittmann/tint v1.0.5 h1:NQclAutOfYsqs2F1Lenue6OoWCajs5wJcP3DfWVpePw=
github.com/lmittmann/tint v1.0.5/go.mod h1:HIS3gSy7qNwGCj+5oRjAutErFBl4BzdQP6cJZ0NfMwE=
github.com/tmaxmax/go-sse v0.8.0 h1:pPpTgyyi1r7vG2o6icebnpGEh3ebcnBXqDWkb7aTofs=
github.com/tmaxmax/go-sse v0.8.0/go.mod h1:HLoxqxdH+7oSUItjtnpxjzJedfr/+Rrm/dNWBcTxJFM=
golang.org/x/xerrors v0.0.0-20191204190536-9bdfabe68543/go.mod h1:I/5z698sn9Ka8TeJc9MKroUUfqBBauWjQqLJ2OPfmY0=
